// !$*UTF8*$!
{
	archiveVersion = 1;
	classes = {
	};
	objectVersion = 46;
	objects = {

/* Begin PBXBuildFile section */
		186E519E19C78C990071E61E /* AppDelegate.swift in Sources */ = {isa = PBXBuildFile; fileRef = 186E519D19C78C990071E61E /* AppDelegate.swift */; };
		186E51A019C78C990071E61E /* ViewController.swift in Sources */ = {isa = PBXBuildFile; fileRef = 186E519F19C78C990071E61E /* ViewController.swift */; };
		186E51A319C78C990071E61E /* Main.storyboard in Resources */ = {isa = PBXBuildFile; fileRef = 186E51A119C78C990071E61E /* Main.storyboard */; };
		186E51A519C78C990071E61E /* Images.xcassets in Resources */ = {isa = PBXBuildFile; fileRef = 186E51A419C78C990071E61E /* Images.xcassets */; };
		186E51A819C78C990071E61E /* LaunchScreen.xib in Resources */ = {isa = PBXBuildFile; fileRef = 186E51A619C78C990071E61E /* LaunchScreen.xib */; };
		186E51B419C78C990071E61E /* RottenTomatoes_week2Tests.swift in Sources */ = {isa = PBXBuildFile; fileRef = 186E51B319C78C990071E61E /* RottenTomatoes_week2Tests.swift */; };
/* End PBXBuildFile section */

/* Begin PBXContainerItemProxy section */
		186E51AE19C78C990071E61E /* PBXContainerItemProxy */ = {
			isa = PBXContainerItemProxy;
			containerPortal = 186E519019C78C990071E61E /* Project object */;
			proxyType = 1;
			remoteGlobalIDString = 186E519719C78C990071E61E;
			remoteInfo = "RottenTomatoes-week2";
		};
/* End PBXContainerItemProxy section */

/* Begin PBXFileReference section */
		186E519819C78C990071E61E /* RottenTomatoes-week2.app */ = {isa = PBXFileReference; explicitFileType = wrapper.application; includeInIndex = 0; path = "RottenTomatoes-week2.app"; sourceTree = BUILT_PRODUCTS_DIR; };
		186E519C19C78C990071E61E /* Info.plist */ = {isa = PBXFileReference; lastKnownFileType = text.plist.xml; path = Info.plist; sourceTree = "<group>"; };
		186E519D19C78C990071E61E /* AppDelegate.swift */ = {isa = PBXFileReference; lastKnownFileType = sourcecode.swift; path = AppDelegate.swift; sourceTree = "<group>"; };
		186E519F19C78C990071E61E /* ViewController.swift */ = {isa = PBXFileReference; lastKnownFileType = sourcecode.swift; path = ViewController.swift; sourceTree = "<group>"; };
		186E51A219C78C990071E61E /* Base */ = {isa = PBXFileReference; lastKnownFileType = file.storyboard; name = Base; path = Base.lproj/Main.storyboard; sourceTree = "<group>"; };
		186E51A419C78C990071E61E /* Images.xcassets */ = {isa = PBXFileReference; lastKnownFileType = folder.assetcatalog; path = Images.xcassets; sourceTree = "<group>"; };
		186E51A719C78C990071E61E /* Base */ = {isa = PBXFileReference; lastKnownFileType = file.xib; name = Base; path = Base.lproj/LaunchScreen.xib; sourceTree = "<group>"; };
		186E51AD19C78C990071E61E /* RottenTomatoes-week2Tests.xctest */ = {isa = PBXFileReference; explicitFileType = wrapper.cfbundle; includeInIndex = 0; path = "RottenTomatoes-week2Tests.xctest"; sourceTree = BUILT_PRODUCTS_DIR; };
		186E51B219C78C990071E61E /* Info.plist */ = {isa = PBXFileReference; lastKnownFileType = text.plist.xml; path = Info.plist; sourceTree = "<group>"; };
		186E51B319C78C990071E61E /* RottenTomatoes_week2Tests.swift */ = {isa = PBXFileReference; lastKnownFileType = sourcecode.swift; path = RottenTomatoes_week2Tests.swift; sourceTree = "<group>"; };
/* End PBXFileReference section */

/* Begin PBXFrameworksBuildPhase section */
		186E519519C78C990071E61E /* Frameworks */ = {
			isa = PBXFrameworksBuildPhase;
			buildActionMask = 2147483647;
			files = (
			);
			runOnlyForDeploymentPostprocessing = 0;
		};
		186E51AA19C78C990071E61E /* Frameworks */ = {
			isa = PBXFrameworksBuildPhase;
			buildActionMask = 2147483647;
			files = (
			);
			runOnlyForDeploymentPostprocessing = 0;
		};
/* End PBXFrameworksBuildPhase section */

/* Begin PBXGroup section */
		186E518F19C78C990071E61E = {
			isa = PBXGroup;
			children = (
				186E519A19C78C990071E61E /* RottenTomatoes-week2 */,
				186E51B019C78C990071E61E /* RottenTomatoes-week2Tests */,
				186E519919C78C990071E61E /* Products */,
			);
			sourceTree = "<group>";
		};
		186E519919C78C990071E61E /* Products */ = {
			isa = PBXGroup;
			children = (
				186E519819C78C990071E61E /* RottenTomatoes-week2.app */,
				186E51AD19C78C990071E61E /* RottenTomatoes-week2Tests.xctest */,
			);
			name = Products;
			sourceTree = "<group>";
		};
		186E519A19C78C990071E61E /* RottenTomatoes-week2 */ = {
			isa = PBXGroup;
			children = (
				186E519D19C78C990071E61E /* AppDelegate.swift */,
				186E519F19C78C990071E61E /* ViewController.swift */,
				186E51A119C78C990071E61E /* Main.storyboard */,
				186E51A419C78C990071E61E /* Images.xcassets */,
				186E51A619C78C990071E61E /* LaunchScreen.xib */,
				186E519B19C78C990071E61E /* Supporting Files */,
			);
			path = "RottenTomatoes-week2";
			sourceTree = "<group>";
		};
		186E519B19C78C990071E61E /* Supporting Files */ = {
			isa = PBXGroup;
			children = (
				186E519C19C78C990071E61E /* Info.plist */,
			);
			name = "Supporting Files";
			sourceTree = "<group>";
		};
		186E51B019C78C990071E61E /* RottenTomatoes-week2Tests */ = {
			isa = PBXGroup;
			children = (
				186E51B319C78C990071E61E /* RottenTomatoes_week2Tests.swift */,
				186E51B119C78C990071E61E /* Supporting Files */,
			);
			path = "RottenTomatoes-week2Tests";
			sourceTree = "<group>";
		};
		186E51B119C78C990071E61E /* Supporting Files */ = {
			isa = PBXGroup;
			children = (
				186E51B219C78C990071E61E /* Info.plist */,
			);
			name = "Supporting Files";
			sourceTree = "<group>";
		};
/* End PBXGroup section */

/* Begin PBXNativeTarget section */
		186E519719C78C990071E61E /* RottenTomatoes-week2 */ = {
			isa = PBXNativeTarget;
			buildConfigurationList = 186E51B719C78C990071E61E /* Build configuration list for PBXNativeTarget "RottenTomatoes-week2" */;
			buildPhases = (
				186E519419C78C990071E61E /* Sources */,
				186E519519C78C990071E61E /* Frameworks */,
				186E519619C78C990071E61E /* Resources */,
			);
			buildRules = (
			);
			dependencies = (
			);
			name = "RottenTomatoes-week2";
			productName = "RottenTomatoes-week2";
			productReference = 186E519819C78C990071E61E /* RottenTomatoes-week2.app */;
			productType = "com.apple.product-type.application";
		};
		186E51AC19C78C990071E61E /* RottenTomatoes-week2Tests */ = {
			isa = PBXNativeTarget;
			buildConfigurationList = 186E51BA19C78C990071E61E /* Build configuration list for PBXNativeTarget "RottenTomatoes-week2Tests" */;
			buildPhases = (
				186E51A919C78C990071E61E /* Sources */,
				186E51AA19C78C990071E61E /* Frameworks */,
				186E51AB19C78C990071E61E /* Resources */,
			);
			buildRules = (
			);
			dependencies = (
				186E51AF19C78C990071E61E /* PBXTargetDependency */,
			);
			name = "RottenTomatoes-week2Tests";
			productName = "RottenTomatoes-week2Tests";
			productReference = 186E51AD19C78C990071E61E /* RottenTomatoes-week2Tests.xctest */;
			productType = "com.apple.product-type.bundle.unit-test";
		};
/* End PBXNativeTarget section */

/* Begin PBXProject section */
		186E519019C78C990071E61E /* Project object */ = {
			isa = PBXProject;
			attributes = {
				LastUpgradeCheck = 0600;
				ORGANIZATIONNAME = Yahoo;
				TargetAttributes = {
					186E519719C78C990071E61E = {
						CreatedOnToolsVersion = 6.0;
					};
					186E51AC19C78C990071E61E = {
						CreatedOnToolsVersion = 6.0;
						TestTargetID = 186E519719C78C990071E61E;
					};
				};
			};
			buildConfigurationList = 186E519319C78C990071E61E /* Build configuration list for PBXProject "RottenTomatoes-week2" */;
			compatibilityVersion = "Xcode 3.2";
			developmentRegion = English;
			hasScannedForEncodings = 0;
			knownRegions = (
				en,
				Base,
			);
			mainGroup = 186E518F19C78C990071E61E;
			productRefGroup = 186E519919C78C990071E61E /* Products */;
			projectDirPath = "";
			projectRoot = "";
			targets = (
				186E519719C78C990071E61E /* RottenTomatoes-week2 */,
				186E51AC19C78C990071E61E /* RottenTomatoes-week2Tests */,
			);
		};
/* End PBXProject section */

/* Begin PBXResourcesBuildPhase section */
		186E519619C78C990071E61E /* Resources */ = {
			isa = PBXResourcesBuildPhase;
			buildActionMask = 2147483647;
			files = (
				186E51A319C78C990071E61E /* Main.storyboard in Resources */,
				186E51A819C78C990071E61E /* LaunchScreen.xib in Resources */,
				186E51A519C78C990071E61E /* Images.xcassets in Resources */,
			);
			runOnlyForDeploymentPostprocessing = 0;
		};
		186E51AB19C78C990071E61E /* Resources */ = {
			isa = PBXResourcesBuildPhase;
			buildActionMask = 2147483647;
			files = (
			);
			runOnlyForDeploymentPostprocessing = 0;
		};
/* End PBXResourcesBuildPhase section */

/* Begin PBXSourcesBuildPhase section */
		186E519419C78C990071E61E /* Sources */ = {
			isa = PBXSourcesBuildPhase;
			buildActionMask = 2147483647;
			files = (
				186E51A019C78C990071E61E /* ViewController.swift in Sources */,
				186E519E19C78C990071E61E /* AppDelegate.swift in Sources */,
			);
			runOnlyForDeploymentPostprocessing = 0;
		};
		186E51A919C78C990071E61E /* Sources */ = {
			isa = PBXSourcesBuildPhase;
			buildActionMask = 2147483647;
			files = (
				186E51B419C78C990071E61E /* RottenTomatoes_week2Tests.swift in Sources */,
			);
			runOnlyForDeploymentPostprocessing = 0;
		};
/* End PBXSourcesBuildPhase section */

/* Begin PBXTargetDependency section */
		186E51AF19C78C990071E61E /* PBXTargetDependency */ = {
			isa = PBXTargetDependency;
			target = 186E519719C78C990071E61E /* RottenTomatoes-week2 */;
			targetProxy = 186E51AE19C78C990071E61E /* PBXContainerItemProxy */;
		};
/* End PBXTargetDependency section */

/* Begin PBXVariantGroup section */
		186E51A119C78C990071E61E /* Main.storyboard */ = {
			isa = PBXVariantGroup;
			children = (
				186E51A219C78C990071E61E /* Base */,
			);
			name = Main.storyboard;
			sourceTree = "<group>";
		};
		186E51A619C78C990071E61E /* LaunchScreen.xib */ = {
			isa = PBXVariantGroup;
			children = (
				186E51A719C78C990071E61E /* Base */,
			);
			name = LaunchScreen.xib;
			sourceTree = "<group>";
		};
/* End PBXVariantGroup section */

/* Begin XCBuildConfiguration section */
		186E51B519C78C990071E61E /* Debug */ = {
			isa = XCBuildConfiguration;
			buildSettings = {
				ALWAYS_SEARCH_USER_PATHS = NO;
				CLANG_CXX_LANGUAGE_STANDARD = "gnu++0x";
				CLANG_CXX_LIBRARY = "libc++";
				CLANG_ENABLE_MODULES = YES;
				CLANG_ENABLE_OBJC_ARC = YES;
				CLANG_WARN_BOOL_CONVERSION = YES;
				CLANG_WARN_CONSTANT_CONVERSION = YES;
				CLANG_WARN_DIRECT_OBJC_ISA_USAGE = YES_ERROR;
				CLANG_WARN_EMPTY_BODY = YES;
				CLANG_WARN_ENUM_CONVERSION = YES;
				CLANG_WARN_INT_CONVERSION = YES;
				CLANG_WARN_OBJC_ROOT_CLASS = YES_ERROR;
				CLANG_WARN_UNREACHABLE_CODE = YES;
				CLANG_WARN__DUPLICATE_METHOD_MATCH = YES;
				"CODE_SIGN_IDENTITY[sdk=iphoneos*]" = "iPhone Developer";
				COPY_PHASE_STRIP = NO;
				ENABLE_STRICT_OBJC_MSGSEND = YES;
				GCC_C_LANGUAGE_STANDARD = gnu99;
				GCC_DYNAMIC_NO_PIC = NO;
				GCC_OPTIMIZATION_LEVEL = 0;
				GCC_PREPROCESSOR_DEFINITIONS = (
					"DEBUG=1",
					"$(inherited)",
				);
				GCC_SYMBOLS_PRIVATE_EXTERN = NO;
				GCC_WARN_64_TO_32_BIT_CONVERSION = YES;
				GCC_WARN_ABOUT_RETURN_TYPE = YES_ERROR;
				GCC_WARN_UNDECLARED_SELECTOR = YES;
				GCC_WARN_UNINITIALIZED_AUTOS = YES_AGGRESSIVE;
				GCC_WARN_UNUSED_FUNCTION = YES;
				GCC_WARN_UNUSED_VARIABLE = YES;
				IPHONEOS_DEPLOYMENT_TARGET = 8.0;
				MTL_ENABLE_DEBUG_INFO = YES;
				ONLY_ACTIVE_ARCH = YES;
				SDKROOT = iphoneos;
				SWIFT_OPTIMIZATION_LEVEL = "-Onone";
				TARGETED_DEVICE_FAMILY = "1,2";
			};
			name = Debug;
		};
		186E51B619C78C990071E61E /* Release */ = {
			isa = XCBuildConfiguration;
			buildSettings = {
				ALWAYS_SEARCH_USER_PATHS = NO;
				CLANG_CXX_LANGUAGE_STANDARD = "gnu++0x";
				CLANG_CXX_LIBRARY = "libc++";
				CLANG_ENABLE_MODULES = YES;
				CLANG_ENABLE_OBJC_ARC = YES;
				CLANG_WARN_BOOL_CONVERSION = YES;
				CLANG_WARN_CONSTANT_CONVERSION = YES;
				CLANG_WARN_DIRECT_OBJC_ISA_USAGE = YES_ERROR;
				CLANG_WARN_EMPTY_BODY = YES;
				CLANG_WARN_ENUM_CONVERSION = YES;
				CLANG_WARN_INT_CONVERSION = YES;
				CLANG_WARN_OBJC_ROOT_CLASS = YES_ERROR;
				CLANG_WARN_UNREACHABLE_CODE = YES;
				CLANG_WARN__DUPLICATE_METHOD_MATCH = YES;
				"CODE_SIGN_IDENTITY[sdk=iphoneos*]" = "iPhone Developer";
				COPY_PHASE_STRIP = YES;
				ENABLE_NS_ASSERTIONS = NO;
				ENABLE_STRICT_OBJC_MSGSEND = YES;
				GCC_C_LANGUAGE_STANDARD = gnu99;
				GCC_WARN_64_TO_32_BIT_CONVERSION = YES;
				GCC_WARN_ABOUT_RETURN_TYPE = YES_ERROR;
				GCC_WARN_UNDECLARED_SELECTOR = YES;
				GCC_WARN_UNINITIALIZED_AUTOS = YES_AGGRESSIVE;
				GCC_WARN_UNUSED_FUNCTION = YES;
				GCC_WARN_UNUSED_VARIABLE = YES;
				IPHONEOS_DEPLOYMENT_TARGET = 8.0;
				MTL_ENABLE_DEBUG_INFO = NO;
				SDKROOT = iphoneos;
				TARGETED_DEVICE_FAMILY = "1,2";
				VALIDATE_PRODUCT = YES;
			};
			name = Release;
		};
		186E51B819C78C990071E61E /* Debug */ = {
			isa = XCBuildConfiguration;
			buildSettings = {
				ASSETCATALOG_COMPILER_APPICON_NAME = AppIcon;
				INFOPLIST_FILE = "RottenTomatoes-week2/Info.plist";
				LD_RUNPATH_SEARCH_PATHS = "$(inherited) @executable_path/Frameworks";
				PRODUCT_NAME = "$(TARGET_NAME)";
			};
			name = Debug;
		};
		186E51B919C78C990071E61E /* Release */ = {
			isa = XCBuildConfiguration;
			buildSettings = {
				ASSETCATALOG_COMPILER_APPICON_NAME = AppIcon;
				INFOPLIST_FILE = "RottenTomatoes-week2/Info.plist";
				LD_RUNPATH_SEARCH_PATHS = "$(inherited) @executable_path/Frameworks";
				PRODUCT_NAME = "$(TARGET_NAME)";
			};
			name = Release;
		};
		186E51BB19C78C990071E61E /* Debug */ = {
			isa = XCBuildConfiguration;
			buildSettings = {
				BUNDLE_LOADER = "$(TEST_HOST)";
				FRAMEWORK_SEARCH_PATHS = (
					"$(SDKROOT)/Developer/Library/Frameworks",
					"$(inherited)",
				);
				GCC_PREPROCESSOR_DEFINITIONS = (
					"DEBUG=1",
					"$(inherited)",
				);
				INFOPLIST_FILE = "RottenTomatoes-week2Tests/Info.plist";
				LD_RUNPATH_SEARCH_PATHS = "$(inherited) @executable_path/Frameworks @loader_path/Frameworks";
				PRODUCT_NAME = "$(TARGET_NAME)";
				TEST_HOST = "$(BUILT_PRODUCTS_DIR)/RottenTomatoes-week2.app/RottenTomatoes-week2";
			};
			name = Debug;
		};
		186E51BC19C78C990071E61E /* Release */ = {
			isa = XCBuildConfiguration;
			buildSettings = {
				BUNDLE_LOADER = "$(TEST_HOST)";
				FRAMEWORK_SEARCH_PATHS = (
					"$(SDKROOT)/Developer/Library/Frameworks",
					"$(inherited)",
				);
				INFOPLIST_FILE = "RottenTomatoes-week2Tests/Info.plist";
				LD_RUNPATH_SEARCH_PATHS = "$(inherited) @executable_path/Frameworks @loader_path/Frameworks";
				PRODUCT_NAME = "$(TARGET_NAME)";
				TEST_HOST = "$(BUILT_PRODUCTS_DIR)/RottenTomatoes-week2.app/RottenTomatoes-week2";
			};
			name = Release;
		};
/* End XCBuildConfiguration section */

/* Begin XCConfigurationList section */
		186E519319C78C990071E61E /* Build configuration list for PBXProject "RottenTomatoes-week2" */ = {
			isa = XCConfigurationList;
			buildConfigurations = (
				186E51B519C78C990071E61E /* Debug */,
				186E51B619C78C990071E61E /* Release */,
			);
			defaultConfigurationIsVisible = 0;
			defaultConfigurationName = Release;
		};
		186E51B719C78C990071E61E /* Build configuration list for PBXNativeTarget "RottenTomatoes-week2" */ = {
			isa = XCConfigurationList;
			buildConfigurations = (
				186E51B819C78C990071E61E /* Debug */,
				186E51B919C78C990071E61E /* Release */,
			);
			defaultConfigurationIsVisible = 0;
		};
		186E51BA19C78C990071E61E /* Build configuration list for PBXNativeTarget "RottenTomatoes-week2Tests" */ = {
			isa = XCConfigurationList;
			buildConfigurations = (
				186E51BB19C78C990071E61E /* Debug */,
				186E51BC19C78C990071E61E /* Release */,
			);
			defaultConfigurationIsVisible = 0;
		};
/* End XCConfigurationList section */
	};
	rootObject = 186E519019C78C990071E61E /* Project object */;
}
